
Microsoft Visual Studio Solution File, Format Version 12.00
# Visual Studio Version 16
VisualStudioVersion = 16.0.29519.181
MinimumVisualStudioVersion = 10.0.40219.1
Project("{9A19103F-16F7-4668-BE54-9A1E7A4F7556}") = "StudioServer", "StudioServer\StudioServer.csproj", "{1125555D-0F1D-4EBA-B7E5-97E2ECC7619C}"
EndProject
Project("{9A19103F-16F7-4668-BE54-9A1E7A4F7556}") = "gstreamer", "..\Gstreamer\gstreamer.csproj", "{CAD6F85C-8D45-4642-9F73-153648246F5B}"
EndProject
Project("{9A19103F-16F7-4668-BE54-9A1E7A4F7556}") = "TestCode", "..\TestCode\TestCode.csproj", "{F4CD57EE-85C9-4407-88CD-39FD87EEC3C1}"
EndProject
Global
	GlobalSection(SolutionConfigurationPlatforms) = preSolution
		Debug|Any CPU = Debug|Any CPU
		Debug|x64 = Debug|x64
		Release|Any CPU = Release|Any CPU
		Release|x64 = Release|x64
	EndGlobalSection
	GlobalSection(ProjectConfigurationPlatforms) = postSolution
		{1125555D-0F1D-4EBA-B7E5-97E2ECC7619C}.Debug|Any CPU.ActiveCfg = Debug|Any CPU
		{1125555D-0F1D-4EBA-B7E5-97E2ECC7619C}.Debug|Any CPU.Build.0 = Debug|Any CPU
		{1125555D-0F1D-4EBA-B7E5-97E2ECC7619C}.Debug|x64.ActiveCfg = Debug|Any CPU
		{1125555D-0F1D-4EBA-B7E5-97E2ECC7619C}.Debug|x64.Build.0 = Debug|Any CPU
		{1125555D-0F1D-4EBA-B7E5-97E2ECC7619C}.Release|Any CPU.ActiveCfg = Release|Any CPU
		{1125555D-0F1D-4EBA-B7E5-97E2ECC7619C}.Release|Any CPU.Build.0 = Release|Any CPU
		{1125555D-0F1D-4EBA-B7E5-97E2ECC7619C}.Release|x64.ActiveCfg = Release|Any CPU
		{1125555D-0F1D-4EBA-B7E5-97E2ECC7619C}.Release|x64.Build.0 = Release|Any CPU
		{CAD6F85C-8D45-4642-9F73-153648246F5B}.Debug|Any CPU.ActiveCfg = Debug|x64
		{CAD6F85C-8D45-4642-9F73-153648246F5B}.Debug|x64.ActiveCfg = Debug|x64
		{CAD6F85C-8D45-4642-9F73-153648246F5B}.Debug|x64.Build.0 = Debug|x64
		{CAD6F85C-8D45-4642-9F73-153648246F5B}.Release|Any CPU.ActiveCfg = Release|x64
		{CAD6F85C-8D45-4642-9F73-153648246F5B}.Release|x64.ActiveCfg = Release|x64
		{CAD6F85C-8D45-4642-9F73-153648246F5B}.Release|x64.Build.0 = Release|x64
		{F4CD57EE-85C9-4407-88CD-39FD87EEC3C1}.Debug|Any CPU.ActiveCfg = Debug|x64
		{F4CD57EE-85C9-4407-88CD-39FD87EEC3C1}.Debug|x64.ActiveCfg = Debug|x64
		{F4CD57EE-85C9-4407-88CD-39FD87EEC3C1}.Debug|x64.Build.0 = Debug|x64
		{F4CD57EE-85C9-4407-88CD-39FD87EEC3C1}.Release|Any CPU.ActiveCfg = Release|x64
		{F4CD57EE-85C9-4407-88CD-39FD87EEC3C1}.Release|x64.ActiveCfg = Release|x64
		{F4CD57EE-85C9-4407-88CD-39FD87EEC3C1}.Release|x64.Build.0 = Release|x64
	EndGlobalSection
	GlobalSection(SolutionProperties) = preSolution
		HideSolutionNode = FALSE
	EndGlobalSection
	GlobalSection(ExtensibilityGlobals) = postSolution
		SolutionGuid = {4F8B5084-8ADE-4D23-8104-DC4D601B7411}
	EndGlobalSection
EndGlobal
